
Microsoft Visual Studio Solution File, Format Version 12.00
# Visual Studio 15
VisualStudioVersion = 15.0.28307.271
MinimumVisualStudioVersion = 10.0.40219.1
Project("{FAE04EC0-301F-11D3-BF4B-00C04F79EFBC}") = "String Manipulator - Group2", "String Manipulator - Group2\String Manipulator - Group2.csproj", "{B9821F36-4C54-48E0-9F8A-19A02BFB49B6}"
EndProject
Project("{FAE04EC0-301F-11D3-BF4B-00C04F79EFBC}") = "MessageEncrypter", "MessageEncrypter\MessageEncrypter.csproj", "{58BE7110-3E39-4951-BB22-D3198FD3BB96}"
EndProject
Project("{FAE04EC0-301F-11D3-BF4B-00C04F79EFBC}") = "BattleManager", "BattleManager\BattleManager.csproj", "{DA145D6E-4F1E-48EC-86E1-5A363C5BF77D}"
EndProject
Global
	GlobalSection(SolutionConfigurationPlatforms) = preSolution
		Debug|Any CPU = Debug|Any CPU
		Release|Any CPU = Release|Any CPU
	EndGlobalSection
	GlobalSection(ProjectConfigurationPlatforms) = postSolution
		{B9821F36-4C54-48E0-9F8A-19A02BFB49B6}.Debug|Any CPU.ActiveCfg = Debug|Any CPU
		{B9821F36-4C54-48E0-9F8A-19A02BFB49B6}.Debug|Any CPU.Build.0 = Debug|Any CPU
		{B9821F36-4C54-48E0-9F8A-19A02BFB49B6}.Release|Any CPU.ActiveCfg = Release|Any CPU
		{B9821F36-4C54-48E0-9F8A-19A02BFB49B6}.Release|Any CPU.Build.0 = Release|Any CPU
		{58BE7110-3E39-4951-BB22-D3198FD3BB96}.Debug|Any CPU.ActiveCfg = Debug|Any CPU
		{58BE7110-3E39-4951-BB22-D3198FD3BB96}.Debug|Any CPU.Build.0 = Debug|Any CPU
		{58BE7110-3E39-4951-BB22-D3198FD3BB96}.Release|Any CPU.ActiveCfg = Release|Any CPU
		{58BE7110-3E39-4951-BB22-D3198FD3BB96}.Release|Any CPU.Build.0 = Release|Any CPU
		{DA145D6E-4F1E-48EC-86E1-5A363C5BF77D}.Debug|Any CPU.ActiveCfg = Debug|Any CPU
		{DA145D6E-4F1E-48EC-86E1-5A363C5BF77D}.Debug|Any CPU.Build.0 = Debug|Any CPU
		{DA145D6E-4F1E-48EC-86E1-5A363C5BF77D}.Release|Any CPU.ActiveCfg = Release|Any CPU
		{DA145D6E-4F1E-48EC-86E1-5A363C5BF77D}.Release|Any CPU.Build.0 = Release|Any CPU
	EndGlobalSection
	GlobalSection(SolutionProperties) = preSolution
		HideSolutionNode = FALSE
	EndGlobalSection
	GlobalSection(ExtensibilityGlobals) = postSolution
		SolutionGuid = {659A7A76-DDE0-4D2F-865D-A77B9921A8AF}
	EndGlobalSection
EndGlobal
