
Microsoft Visual Studio Solution File, Format Version 12.00
# Visual Studio Version 16
VisualStudioVersion = 16.0.29209.62
MinimumVisualStudioVersion = 10.0.40219.1
Project("{9A19103F-16F7-4668-BE54-9A1E7A4F7556}") = "ActionPoint", "ActionPoint\ActionPoint.csproj", "{73C1F4D4-8EA8-4D34-8300-A3EE2CA36377}"
EndProject
Project("{9A19103F-16F7-4668-BE54-9A1E7A4F7556}") = "KnightsOfHonor", "KnightsOfHonor\KnightsOfHonor.csproj", "{95ABA794-5C35-459D-B5E6-AD177218C4B4}"
EndProject
Project("{9A19103F-16F7-4668-BE54-9A1E7A4F7556}") = "CustomMinFunction", "CustomMinFunction\CustomMinFunction.csproj", "{B47C1CA3-243C-4EAE-B9A2-9DF8CA506023}"
EndProject
Project("{9A19103F-16F7-4668-BE54-9A1E7A4F7556}") = "FindEvensOrOdds", "FindEvensOrOdds\FindEvensOrOdds.csproj", "{CDE2636A-5784-4B0B-938A-A9C234AF2D32}"
EndProject
Project("{9A19103F-16F7-4668-BE54-9A1E7A4F7556}") = "AppliedArithmetics", "AppliedArithmetics\AppliedArithmetics.csproj", "{210437B6-4025-4278-A75A-5E0BC6079548}"
EndProject
Project("{9A19103F-16F7-4668-BE54-9A1E7A4F7556}") = "ReverseAndExclude", "ReverseAndExclude\ReverseAndExclude.csproj", "{80999F11-C459-4A66-A506-0B4D1D667392}"
EndProject
Project("{9A19103F-16F7-4668-BE54-9A1E7A4F7556}") = "PredicateforNames", "PredicateforNames\PredicateforNames.csproj", "{E6BD1CA1-1F7B-417C-A331-38A4EF320879}"
EndProject
Project("{9A19103F-16F7-4668-BE54-9A1E7A4F7556}") = "CustomComparator", "CustomComparator\CustomComparator.csproj", "{AAA3CAC7-8589-45C3-B9DC-80D5512F301F}"
EndProject
Project("{FAE04EC0-301F-11D3-BF4B-00C04F79EFBC}") = "ListOfPredicates", "ListOfPredicates\ListOfPredicates.csproj", "{C5BA8590-569F-441D-8F9A-D0BB5F75372E}"
EndProject
Project("{FAE04EC0-301F-11D3-BF4B-00C04F79EFBC}") = "PredicateParty!", "PredicateParty!\PredicateParty!.csproj", "{29760D1C-CF8B-4FA8-A966-DA664C4FEC06}"
EndProject
Global
	GlobalSection(SolutionConfigurationPlatforms) = preSolution
		Debug|Any CPU = Debug|Any CPU
		Release|Any CPU = Release|Any CPU
	EndGlobalSection
	GlobalSection(ProjectConfigurationPlatforms) = postSolution
		{73C1F4D4-8EA8-4D34-8300-A3EE2CA36377}.Debug|Any CPU.ActiveCfg = Debug|Any CPU
		{73C1F4D4-8EA8-4D34-8300-A3EE2CA36377}.Debug|Any CPU.Build.0 = Debug|Any CPU
		{73C1F4D4-8EA8-4D34-8300-A3EE2CA36377}.Release|Any CPU.ActiveCfg = Release|Any CPU
		{73C1F4D4-8EA8-4D34-8300-A3EE2CA36377}.Release|Any CPU.Build.0 = Release|Any CPU
		{95ABA794-5C35-459D-B5E6-AD177218C4B4}.Debug|Any CPU.ActiveCfg = Debug|Any CPU
		{95ABA794-5C35-459D-B5E6-AD177218C4B4}.Debug|Any CPU.Build.0 = Debug|Any CPU
		{95ABA794-5C35-459D-B5E6-AD177218C4B4}.Release|Any CPU.ActiveCfg = Release|Any CPU
		{95ABA794-5C35-459D-B5E6-AD177218C4B4}.Release|Any CPU.Build.0 = Release|Any CPU
		{B47C1CA3-243C-4EAE-B9A2-9DF8CA506023}.Debug|Any CPU.ActiveCfg = Debug|Any CPU
		{B47C1CA3-243C-4EAE-B9A2-9DF8CA506023}.Debug|Any CPU.Build.0 = Debug|Any CPU
		{B47C1CA3-243C-4EAE-B9A2-9DF8CA506023}.Release|Any CPU.ActiveCfg = Release|Any CPU
		{B47C1CA3-243C-4EAE-B9A2-9DF8CA506023}.Release|Any CPU.Build.0 = Release|Any CPU
		{CDE2636A-5784-4B0B-938A-A9C234AF2D32}.Debug|Any CPU.ActiveCfg = Debug|Any CPU
		{CDE2636A-5784-4B0B-938A-A9C234AF2D32}.Debug|Any CPU.Build.0 = Debug|Any CPU
		{CDE2636A-5784-4B0B-938A-A9C234AF2D32}.Release|Any CPU.ActiveCfg = Release|Any CPU
		{CDE2636A-5784-4B0B-938A-A9C234AF2D32}.Release|Any CPU.Build.0 = Release|Any CPU
		{210437B6-4025-4278-A75A-5E0BC6079548}.Debug|Any CPU.ActiveCfg = Debug|Any CPU
		{210437B6-4025-4278-A75A-5E0BC6079548}.Debug|Any CPU.Build.0 = Debug|Any CPU
		{210437B6-4025-4278-A75A-5E0BC6079548}.Release|Any CPU.ActiveCfg = Release|Any CPU
		{210437B6-4025-4278-A75A-5E0BC6079548}.Release|Any CPU.Build.0 = Release|Any CPU
		{80999F11-C459-4A66-A506-0B4D1D667392}.Debug|Any CPU.ActiveCfg = Debug|Any CPU
		{80999F11-C459-4A66-A506-0B4D1D667392}.Debug|Any CPU.Build.0 = Debug|Any CPU
		{80999F11-C459-4A66-A506-0B4D1D667392}.Release|Any CPU.ActiveCfg = Release|Any CPU
		{80999F11-C459-4A66-A506-0B4D1D667392}.Release|Any CPU.Build.0 = Release|Any CPU
		{E6BD1CA1-1F7B-417C-A331-38A4EF320879}.Debug|Any CPU.ActiveCfg = Debug|Any CPU
		{E6BD1CA1-1F7B-417C-A331-38A4EF320879}.Debug|Any CPU.Build.0 = Debug|Any CPU
		{E6BD1CA1-1F7B-417C-A331-38A4EF320879}.Release|Any CPU.ActiveCfg = Release|Any CPU
		{E6BD1CA1-1F7B-417C-A331-38A4EF320879}.Release|Any CPU.Build.0 = Release|Any CPU
		{AAA3CAC7-8589-45C3-B9DC-80D5512F301F}.Debug|Any CPU.ActiveCfg = Debug|Any CPU
		{AAA3CAC7-8589-45C3-B9DC-80D5512F301F}.Debug|Any CPU.Build.0 = Debug|Any CPU
		{AAA3CAC7-8589-45C3-B9DC-80D5512F301F}.Release|Any CPU.ActiveCfg = Release|Any CPU
		{AAA3CAC7-8589-45C3-B9DC-80D5512F301F}.Release|Any CPU.Build.0 = Release|Any CPU
		{C5BA8590-569F-441D-8F9A-D0BB5F75372E}.Debug|Any CPU.ActiveCfg = Debug|Any CPU
		{C5BA8590-569F-441D-8F9A-D0BB5F75372E}.Debug|Any CPU.Build.0 = Debug|Any CPU
		{C5BA8590-569F-441D-8F9A-D0BB5F75372E}.Release|Any CPU.ActiveCfg = Release|Any CPU
		{C5BA8590-569F-441D-8F9A-D0BB5F75372E}.Release|Any CPU.Build.0 = Release|Any CPU
		{29760D1C-CF8B-4FA8-A966-DA664C4FEC06}.Debug|Any CPU.ActiveCfg = Debug|Any CPU
		{29760D1C-CF8B-4FA8-A966-DA664C4FEC06}.Debug|Any CPU.Build.0 = Debug|Any CPU
		{29760D1C-CF8B-4FA8-A966-DA664C4FEC06}.Release|Any CPU.ActiveCfg = Release|Any CPU
		{29760D1C-CF8B-4FA8-A966-DA664C4FEC06}.Release|Any CPU.Build.0 = Release|Any CPU
	EndGlobalSection
	GlobalSection(SolutionProperties) = preSolution
		HideSolutionNode = FALSE
	EndGlobalSection
	GlobalSection(ExtensibilityGlobals) = postSolution
		SolutionGuid = {9B3B8B62-999E-4005-9DD7-CC04EEA167F2}
	EndGlobalSection
EndGlobal
