
Microsoft Visual Studio Solution File, Format Version 12.00
# Visual Studio 15
VisualStudioVersion = 15.0.28307.271
MinimumVisualStudioVersion = 10.0.40219.1
Project("{FAE04EC0-301F-11D3-BF4B-00C04F79EFBC}") = "ValidUsernames", "ValidUsernames\ValidUsernames.csproj", "{291601BC-CA6E-420E-9E4C-6250E91095B7}"
EndProject
Project("{FAE04EC0-301F-11D3-BF4B-00C04F79EFBC}") = "CharacterMultiplier", "CharacterMultiplier\CharacterMultiplier.csproj", "{A206C02C-9A14-4CE1-9769-C0DFA24F6881}"
EndProject
Project("{FAE04EC0-301F-11D3-BF4B-00C04F79EFBC}") = "ExtractFile", "ExtractFile\ExtractFile.csproj", "{9FAF64A1-4214-4A75-9BCF-F585DA6794A0}"
EndProject
Project("{FAE04EC0-301F-11D3-BF4B-00C04F79EFBC}") = "CaesarCipher", "CaesarCipher\CaesarCipher.csproj", "{2930171E-E585-49E7-B4E1-6D21A33847C1}"
EndProject
Global
	GlobalSection(SolutionConfigurationPlatforms) = preSolution
		Debug|Any CPU = Debug|Any CPU
		Release|Any CPU = Release|Any CPU
	EndGlobalSection
	GlobalSection(ProjectConfigurationPlatforms) = postSolution
		{291601BC-CA6E-420E-9E4C-6250E91095B7}.Debug|Any CPU.ActiveCfg = Debug|Any CPU
		{291601BC-CA6E-420E-9E4C-6250E91095B7}.Debug|Any CPU.Build.0 = Debug|Any CPU
		{291601BC-CA6E-420E-9E4C-6250E91095B7}.Release|Any CPU.ActiveCfg = Release|Any CPU
		{291601BC-CA6E-420E-9E4C-6250E91095B7}.Release|Any CPU.Build.0 = Release|Any CPU
		{A206C02C-9A14-4CE1-9769-C0DFA24F6881}.Debug|Any CPU.ActiveCfg = Debug|Any CPU
		{A206C02C-9A14-4CE1-9769-C0DFA24F6881}.Debug|Any CPU.Build.0 = Debug|Any CPU
		{A206C02C-9A14-4CE1-9769-C0DFA24F6881}.Release|Any CPU.ActiveCfg = Release|Any CPU
		{A206C02C-9A14-4CE1-9769-C0DFA24F6881}.Release|Any CPU.Build.0 = Release|Any CPU
		{9FAF64A1-4214-4A75-9BCF-F585DA6794A0}.Debug|Any CPU.ActiveCfg = Debug|Any CPU
		{9FAF64A1-4214-4A75-9BCF-F585DA6794A0}.Debug|Any CPU.Build.0 = Debug|Any CPU
		{9FAF64A1-4214-4A75-9BCF-F585DA6794A0}.Release|Any CPU.ActiveCfg = Release|Any CPU
		{9FAF64A1-4214-4A75-9BCF-F585DA6794A0}.Release|Any CPU.Build.0 = Release|Any CPU
		{2930171E-E585-49E7-B4E1-6D21A33847C1}.Debug|Any CPU.ActiveCfg = Debug|Any CPU
		{2930171E-E585-49E7-B4E1-6D21A33847C1}.Debug|Any CPU.Build.0 = Debug|Any CPU
		{2930171E-E585-49E7-B4E1-6D21A33847C1}.Release|Any CPU.ActiveCfg = Release|Any CPU
		{2930171E-E585-49E7-B4E1-6D21A33847C1}.Release|Any CPU.Build.0 = Release|Any CPU
	EndGlobalSection
	GlobalSection(SolutionProperties) = preSolution
		HideSolutionNode = FALSE
	EndGlobalSection
	GlobalSection(ExtensibilityGlobals) = postSolution
		SolutionGuid = {3C5B3786-2312-4008-B044-1EB3E405B86B}
	EndGlobalSection
EndGlobal
