
Microsoft Visual Studio Solution File, Format Version 12.00
# Visual Studio Version 16
VisualStudioVersion = 16.0.29209.62
MinimumVisualStudioVersion = 10.0.40219.1
Project("{FAE04EC0-301F-11D3-BF4B-00C04F79EFBC}") = "BasicStackOperations", "BasicStackOperations\BasicStackOperations.csproj", "{6700C951-93BF-433A-AB59-0F4D5432895D}"
EndProject
Project("{FAE04EC0-301F-11D3-BF4B-00C04F79EFBC}") = "BasicQueueOperations", "BasicQueueOperations\BasicQueueOperations.csproj", "{0917367C-2D0B-446F-969D-6470B5F0004B}"
EndProject
Project("{FAE04EC0-301F-11D3-BF4B-00C04F79EFBC}") = "MaximumAndMinimumElement", "MaximumAndMinimumElement\MaximumAndMinimumElement.csproj", "{21A79636-270D-40CD-8A31-422ACC9A3218}"
EndProject
Project("{FAE04EC0-301F-11D3-BF4B-00C04F79EFBC}") = "FastFood", "FastFood\FastFood.csproj", "{091BC710-6D76-4B23-9D7E-C9F739144222}"
EndProject
Project("{FAE04EC0-301F-11D3-BF4B-00C04F79EFBC}") = "FashionBoutique", "FashionBoutique\FashionBoutique.csproj", "{5B7AC46A-5D91-4613-ABB5-50244A0D71E7}"
EndProject
Project("{FAE04EC0-301F-11D3-BF4B-00C04F79EFBC}") = "SongsQueue", "SongsQueue\SongsQueue.csproj", "{05F2422E-BBEF-47E3-A3EA-31A4BEB1A967}"
EndProject
Project("{FAE04EC0-301F-11D3-BF4B-00C04F79EFBC}") = "TruckTour", "TruckTour\TruckTour.csproj", "{9CDD6606-41F2-4D32-8F20-E0A82528B92F}"
EndProject
Project("{FAE04EC0-301F-11D3-BF4B-00C04F79EFBC}") = "BalancedParentheses", "BalancedParentheses\BalancedParentheses.csproj", "{49883792-3157-4B58-95E7-93EAFEA4CCEE}"
EndProject
Global
	GlobalSection(SolutionConfigurationPlatforms) = preSolution
		Debug|Any CPU = Debug|Any CPU
		Release|Any CPU = Release|Any CPU
	EndGlobalSection
	GlobalSection(ProjectConfigurationPlatforms) = postSolution
		{6700C951-93BF-433A-AB59-0F4D5432895D}.Debug|Any CPU.ActiveCfg = Debug|Any CPU
		{6700C951-93BF-433A-AB59-0F4D5432895D}.Debug|Any CPU.Build.0 = Debug|Any CPU
		{6700C951-93BF-433A-AB59-0F4D5432895D}.Release|Any CPU.ActiveCfg = Release|Any CPU
		{6700C951-93BF-433A-AB59-0F4D5432895D}.Release|Any CPU.Build.0 = Release|Any CPU
		{0917367C-2D0B-446F-969D-6470B5F0004B}.Debug|Any CPU.ActiveCfg = Debug|Any CPU
		{0917367C-2D0B-446F-969D-6470B5F0004B}.Debug|Any CPU.Build.0 = Debug|Any CPU
		{0917367C-2D0B-446F-969D-6470B5F0004B}.Release|Any CPU.ActiveCfg = Release|Any CPU
		{0917367C-2D0B-446F-969D-6470B5F0004B}.Release|Any CPU.Build.0 = Release|Any CPU
		{21A79636-270D-40CD-8A31-422ACC9A3218}.Debug|Any CPU.ActiveCfg = Debug|Any CPU
		{21A79636-270D-40CD-8A31-422ACC9A3218}.Debug|Any CPU.Build.0 = Debug|Any CPU
		{21A79636-270D-40CD-8A31-422ACC9A3218}.Release|Any CPU.ActiveCfg = Release|Any CPU
		{21A79636-270D-40CD-8A31-422ACC9A3218}.Release|Any CPU.Build.0 = Release|Any CPU
		{091BC710-6D76-4B23-9D7E-C9F739144222}.Debug|Any CPU.ActiveCfg = Debug|Any CPU
		{091BC710-6D76-4B23-9D7E-C9F739144222}.Debug|Any CPU.Build.0 = Debug|Any CPU
		{091BC710-6D76-4B23-9D7E-C9F739144222}.Release|Any CPU.ActiveCfg = Release|Any CPU
		{091BC710-6D76-4B23-9D7E-C9F739144222}.Release|Any CPU.Build.0 = Release|Any CPU
		{5B7AC46A-5D91-4613-ABB5-50244A0D71E7}.Debug|Any CPU.ActiveCfg = Debug|Any CPU
		{5B7AC46A-5D91-4613-ABB5-50244A0D71E7}.Debug|Any CPU.Build.0 = Debug|Any CPU
		{5B7AC46A-5D91-4613-ABB5-50244A0D71E7}.Release|Any CPU.ActiveCfg = Release|Any CPU
		{5B7AC46A-5D91-4613-ABB5-50244A0D71E7}.Release|Any CPU.Build.0 = Release|Any CPU
		{05F2422E-BBEF-47E3-A3EA-31A4BEB1A967}.Debug|Any CPU.ActiveCfg = Debug|Any CPU
		{05F2422E-BBEF-47E3-A3EA-31A4BEB1A967}.Debug|Any CPU.Build.0 = Debug|Any CPU
		{05F2422E-BBEF-47E3-A3EA-31A4BEB1A967}.Release|Any CPU.ActiveCfg = Release|Any CPU
		{05F2422E-BBEF-47E3-A3EA-31A4BEB1A967}.Release|Any CPU.Build.0 = Release|Any CPU
		{9CDD6606-41F2-4D32-8F20-E0A82528B92F}.Debug|Any CPU.ActiveCfg = Debug|Any CPU
		{9CDD6606-41F2-4D32-8F20-E0A82528B92F}.Debug|Any CPU.Build.0 = Debug|Any CPU
		{9CDD6606-41F2-4D32-8F20-E0A82528B92F}.Release|Any CPU.ActiveCfg = Release|Any CPU
		{9CDD6606-41F2-4D32-8F20-E0A82528B92F}.Release|Any CPU.Build.0 = Release|Any CPU
		{49883792-3157-4B58-95E7-93EAFEA4CCEE}.Debug|Any CPU.ActiveCfg = Debug|Any CPU
		{49883792-3157-4B58-95E7-93EAFEA4CCEE}.Debug|Any CPU.Build.0 = Debug|Any CPU
		{49883792-3157-4B58-95E7-93EAFEA4CCEE}.Release|Any CPU.ActiveCfg = Release|Any CPU
		{49883792-3157-4B58-95E7-93EAFEA4CCEE}.Release|Any CPU.Build.0 = Release|Any CPU
	EndGlobalSection
	GlobalSection(SolutionProperties) = preSolution
		HideSolutionNode = FALSE
	EndGlobalSection
	GlobalSection(ExtensibilityGlobals) = postSolution
		SolutionGuid = {20D183F5-6731-4D82-8655-B51F7F177F51}
	EndGlobalSection
EndGlobal
