
Microsoft Visual Studio Solution File, Format Version 12.00
# Visual Studio Version 16
VisualStudioVersion = 16.0.29209.62
MinimumVisualStudioVersion = 10.0.40219.1
Project("{9A19103F-16F7-4668-BE54-9A1E7A4F7556}") = "DefineAClassPerson", "DefineAClassPerson\DefineAClassPerson.csproj", "{7423CEE7-9099-4CF5-BC8E-BA2E18727B80}"
EndProject
Project("{9A19103F-16F7-4668-BE54-9A1E7A4F7556}") = "CreatingConstructors", "CreatingConstructors\CreatingConstructors.csproj", "{EF5DBB19-1ECE-4364-8A7D-B0A44FEA19A1}"
EndProject
Project("{9A19103F-16F7-4668-BE54-9A1E7A4F7556}") = "OldestFamilyMember", "OldestFamilyMember\OldestFamilyMember.csproj", "{8D5BFD45-03C8-407B-A478-796B80F46D6C}"
EndProject
Project("{9A19103F-16F7-4668-BE54-9A1E7A4F7556}") = "OpinionPoll", "OpinionPoll\OpinionPoll.csproj", "{BC4535CC-CCC4-4905-8B0E-F86FE1B93109}"
EndProject
Project("{9A19103F-16F7-4668-BE54-9A1E7A4F7556}") = "DateModifier", "DateModifier\DateModifier.csproj", "{1F4BF086-EB0B-49F2-8801-305B31FAD18D}"
EndProject
Project("{9A19103F-16F7-4668-BE54-9A1E7A4F7556}") = "RawData", "RawData\RawData.csproj", "{AED1EB76-7C66-4358-BBB8-DFDDF9082F7C}"
EndProject
Project("{9A19103F-16F7-4668-BE54-9A1E7A4F7556}") = "SpeedRacing", "SpeedRacing\SpeedRacing.csproj", "{D04CF466-3847-494A-9E4E-201D98F5230E}"
EndProject
Project("{9A19103F-16F7-4668-BE54-9A1E7A4F7556}") = "CarSalesman", "CarSalesman\CarSalesman.csproj", "{DB428EE5-B3A1-4313-8FF3-458794B5E122}"
EndProject
Project("{FAE04EC0-301F-11D3-BF4B-00C04F79EFBC}") = "PokemonTrainer", "PokemonTrainer\PokemonTrainer.csproj", "{2290B8E9-C1FB-4A73-B7D5-D647B48DEE59}"
EndProject
Global
	GlobalSection(SolutionConfigurationPlatforms) = preSolution
		Debug|Any CPU = Debug|Any CPU
		Release|Any CPU = Release|Any CPU
	EndGlobalSection
	GlobalSection(ProjectConfigurationPlatforms) = postSolution
		{7423CEE7-9099-4CF5-BC8E-BA2E18727B80}.Debug|Any CPU.ActiveCfg = Debug|Any CPU
		{7423CEE7-9099-4CF5-BC8E-BA2E18727B80}.Debug|Any CPU.Build.0 = Debug|Any CPU
		{7423CEE7-9099-4CF5-BC8E-BA2E18727B80}.Release|Any CPU.ActiveCfg = Release|Any CPU
		{7423CEE7-9099-4CF5-BC8E-BA2E18727B80}.Release|Any CPU.Build.0 = Release|Any CPU
		{EF5DBB19-1ECE-4364-8A7D-B0A44FEA19A1}.Debug|Any CPU.ActiveCfg = Debug|Any CPU
		{EF5DBB19-1ECE-4364-8A7D-B0A44FEA19A1}.Debug|Any CPU.Build.0 = Debug|Any CPU
		{EF5DBB19-1ECE-4364-8A7D-B0A44FEA19A1}.Release|Any CPU.ActiveCfg = Release|Any CPU
		{EF5DBB19-1ECE-4364-8A7D-B0A44FEA19A1}.Release|Any CPU.Build.0 = Release|Any CPU
		{8D5BFD45-03C8-407B-A478-796B80F46D6C}.Debug|Any CPU.ActiveCfg = Debug|Any CPU
		{8D5BFD45-03C8-407B-A478-796B80F46D6C}.Debug|Any CPU.Build.0 = Debug|Any CPU
		{8D5BFD45-03C8-407B-A478-796B80F46D6C}.Release|Any CPU.ActiveCfg = Release|Any CPU
		{8D5BFD45-03C8-407B-A478-796B80F46D6C}.Release|Any CPU.Build.0 = Release|Any CPU
		{BC4535CC-CCC4-4905-8B0E-F86FE1B93109}.Debug|Any CPU.ActiveCfg = Debug|Any CPU
		{BC4535CC-CCC4-4905-8B0E-F86FE1B93109}.Debug|Any CPU.Build.0 = Debug|Any CPU
		{BC4535CC-CCC4-4905-8B0E-F86FE1B93109}.Release|Any CPU.ActiveCfg = Release|Any CPU
		{BC4535CC-CCC4-4905-8B0E-F86FE1B93109}.Release|Any CPU.Build.0 = Release|Any CPU
		{1F4BF086-EB0B-49F2-8801-305B31FAD18D}.Debug|Any CPU.ActiveCfg = Debug|Any CPU
		{1F4BF086-EB0B-49F2-8801-305B31FAD18D}.Debug|Any CPU.Build.0 = Debug|Any CPU
		{1F4BF086-EB0B-49F2-8801-305B31FAD18D}.Release|Any CPU.ActiveCfg = Release|Any CPU
		{1F4BF086-EB0B-49F2-8801-305B31FAD18D}.Release|Any CPU.Build.0 = Release|Any CPU
		{AED1EB76-7C66-4358-BBB8-DFDDF9082F7C}.Debug|Any CPU.ActiveCfg = Debug|Any CPU
		{AED1EB76-7C66-4358-BBB8-DFDDF9082F7C}.Debug|Any CPU.Build.0 = Debug|Any CPU
		{AED1EB76-7C66-4358-BBB8-DFDDF9082F7C}.Release|Any CPU.ActiveCfg = Release|Any CPU
		{AED1EB76-7C66-4358-BBB8-DFDDF9082F7C}.Release|Any CPU.Build.0 = Release|Any CPU
		{D04CF466-3847-494A-9E4E-201D98F5230E}.Debug|Any CPU.ActiveCfg = Debug|Any CPU
		{D04CF466-3847-494A-9E4E-201D98F5230E}.Debug|Any CPU.Build.0 = Debug|Any CPU
		{D04CF466-3847-494A-9E4E-201D98F5230E}.Release|Any CPU.ActiveCfg = Release|Any CPU
		{D04CF466-3847-494A-9E4E-201D98F5230E}.Release|Any CPU.Build.0 = Release|Any CPU
		{DB428EE5-B3A1-4313-8FF3-458794B5E122}.Debug|Any CPU.ActiveCfg = Debug|Any CPU
		{DB428EE5-B3A1-4313-8FF3-458794B5E122}.Debug|Any CPU.Build.0 = Debug|Any CPU
		{DB428EE5-B3A1-4313-8FF3-458794B5E122}.Release|Any CPU.ActiveCfg = Release|Any CPU
		{DB428EE5-B3A1-4313-8FF3-458794B5E122}.Release|Any CPU.Build.0 = Release|Any CPU
		{2290B8E9-C1FB-4A73-B7D5-D647B48DEE59}.Debug|Any CPU.ActiveCfg = Debug|Any CPU
		{2290B8E9-C1FB-4A73-B7D5-D647B48DEE59}.Debug|Any CPU.Build.0 = Debug|Any CPU
		{2290B8E9-C1FB-4A73-B7D5-D647B48DEE59}.Release|Any CPU.ActiveCfg = Release|Any CPU
		{2290B8E9-C1FB-4A73-B7D5-D647B48DEE59}.Release|Any CPU.Build.0 = Release|Any CPU
	EndGlobalSection
	GlobalSection(SolutionProperties) = preSolution
		HideSolutionNode = FALSE
	EndGlobalSection
	GlobalSection(ExtensibilityGlobals) = postSolution
		SolutionGuid = {5CCC330C-554D-4029-AFC3-B6E029BF982C}
	EndGlobalSection
EndGlobal
