
Microsoft Visual Studio Solution File, Format Version 12.00
# Visual Studio 15
VisualStudioVersion = 15.0.28307.271
MinimumVisualStudioVersion = 10.0.40219.1
Project("{9A19103F-16F7-4668-BE54-9A1E7A4F7556}") = "DataTypes", "DataTypes\DataTypes.csproj", "{23E5E7B4-66A8-4E6A-AAEA-5CA07AAB0A88}"
EndProject
Project("{9A19103F-16F7-4668-BE54-9A1E7A4F7556}") = "CenterPoint", "CenterPoint\CenterPoint.csproj", "{07F0A828-17F0-4E75-ABFD-740969012043}"
EndProject
Project("{9A19103F-16F7-4668-BE54-9A1E7A4F7556}") = "LongerLine", "LongerLine\LongerLine.csproj", "{8A600C05-0AFC-437E-BC1F-7C85F081547F}"
EndProject
Project("{9A19103F-16F7-4668-BE54-9A1E7A4F7556}") = "TribonacciSequence", "TribonacciSequence\TribonacciSequence.csproj", "{79003B32-EDBC-4232-A987-F8B5ADF51CAF}"
EndProject
Project("{FAE04EC0-301F-11D3-BF4B-00C04F79EFBC}") = "MultiplicationSign", "MultiplicationSign\MultiplicationSign.csproj", "{3FCB408B-639A-43E5-8BA8-3A47AF5D0634}"
EndProject
Global
	GlobalSection(SolutionConfigurationPlatforms) = preSolution
		Debug|Any CPU = Debug|Any CPU
		Release|Any CPU = Release|Any CPU
	EndGlobalSection
	GlobalSection(ProjectConfigurationPlatforms) = postSolution
		{23E5E7B4-66A8-4E6A-AAEA-5CA07AAB0A88}.Debug|Any CPU.ActiveCfg = Debug|Any CPU
		{23E5E7B4-66A8-4E6A-AAEA-5CA07AAB0A88}.Debug|Any CPU.Build.0 = Debug|Any CPU
		{23E5E7B4-66A8-4E6A-AAEA-5CA07AAB0A88}.Release|Any CPU.ActiveCfg = Release|Any CPU
		{23E5E7B4-66A8-4E6A-AAEA-5CA07AAB0A88}.Release|Any CPU.Build.0 = Release|Any CPU
		{07F0A828-17F0-4E75-ABFD-740969012043}.Debug|Any CPU.ActiveCfg = Debug|Any CPU
		{07F0A828-17F0-4E75-ABFD-740969012043}.Debug|Any CPU.Build.0 = Debug|Any CPU
		{07F0A828-17F0-4E75-ABFD-740969012043}.Release|Any CPU.ActiveCfg = Release|Any CPU
		{07F0A828-17F0-4E75-ABFD-740969012043}.Release|Any CPU.Build.0 = Release|Any CPU
		{8A600C05-0AFC-437E-BC1F-7C85F081547F}.Debug|Any CPU.ActiveCfg = Debug|Any CPU
		{8A600C05-0AFC-437E-BC1F-7C85F081547F}.Debug|Any CPU.Build.0 = Debug|Any CPU
		{8A600C05-0AFC-437E-BC1F-7C85F081547F}.Release|Any CPU.ActiveCfg = Release|Any CPU
		{8A600C05-0AFC-437E-BC1F-7C85F081547F}.Release|Any CPU.Build.0 = Release|Any CPU
		{79003B32-EDBC-4232-A987-F8B5ADF51CAF}.Debug|Any CPU.ActiveCfg = Debug|Any CPU
		{79003B32-EDBC-4232-A987-F8B5ADF51CAF}.Debug|Any CPU.Build.0 = Debug|Any CPU
		{79003B32-EDBC-4232-A987-F8B5ADF51CAF}.Release|Any CPU.ActiveCfg = Release|Any CPU
		{79003B32-EDBC-4232-A987-F8B5ADF51CAF}.Release|Any CPU.Build.0 = Release|Any CPU
		{3FCB408B-639A-43E5-8BA8-3A47AF5D0634}.Debug|Any CPU.ActiveCfg = Debug|Any CPU
		{3FCB408B-639A-43E5-8BA8-3A47AF5D0634}.Debug|Any CPU.Build.0 = Debug|Any CPU
		{3FCB408B-639A-43E5-8BA8-3A47AF5D0634}.Release|Any CPU.ActiveCfg = Release|Any CPU
		{3FCB408B-639A-43E5-8BA8-3A47AF5D0634}.Release|Any CPU.Build.0 = Release|Any CPU
	EndGlobalSection
	GlobalSection(SolutionProperties) = preSolution
		HideSolutionNode = FALSE
	EndGlobalSection
	GlobalSection(ExtensibilityGlobals) = postSolution
		SolutionGuid = {B546AA1A-63EF-4C8E-AD96-3117ECC57B60}
	EndGlobalSection
EndGlobal
