
Microsoft Visual Studio Solution File, Format Version 12.00
# Visual Studio Version 16
VisualStudioVersion = 16.0.29209.62
MinimumVisualStudioVersion = 10.0.40219.1
Project("{9A19103F-16F7-4668-BE54-9A1E7A4F7556}") = "SumMatrixElements", "SumMatrixElements\SumMatrixElements.csproj", "{C4AB482A-8707-4049-B2E2-000C2762B37A}"
EndProject
Project("{9A19103F-16F7-4668-BE54-9A1E7A4F7556}") = "SumMatrixColumns", "SumMatrixColumns\SumMatrixColumns.csproj", "{ACA1816F-211F-49DC-8EE3-C7C56A41A409}"
EndProject
Project("{9A19103F-16F7-4668-BE54-9A1E7A4F7556}") = "PrimaryDiagonal", "PrimaryDiagonal\PrimaryDiagonal.csproj", "{E4FC884F-61EE-4192-9851-5EE3F61F093E}"
EndProject
Project("{9A19103F-16F7-4668-BE54-9A1E7A4F7556}") = "SymbolnMatrix", "SymbolnMatrix\SymbolnMatrix.csproj", "{94832464-75D6-49B9-BF88-B61682E6D5FC}"
EndProject
Project("{9A19103F-16F7-4668-BE54-9A1E7A4F7556}") = "SquareWithMaximumSum", "SquareWithMaximumSum\SquareWithMaximumSum.csproj", "{A77283B3-B9D9-484B-8B4B-5D5E71E88E09}"
EndProject
Project("{9A19103F-16F7-4668-BE54-9A1E7A4F7556}") = "JaggedArrayModification", "JaggedArrayModification\JaggedArrayModification.csproj", "{B19B1D23-9EE6-460F-8EB4-7629C0BB0B8D}"
EndProject
Project("{FAE04EC0-301F-11D3-BF4B-00C04F79EFBC}") = "PascalTriangle", "PascalTriangle\PascalTriangle.csproj", "{B34B6196-C6F2-4F4A-8E4E-EC5ACA2DBE06}"
EndProject
Global
	GlobalSection(SolutionConfigurationPlatforms) = preSolution
		Debug|Any CPU = Debug|Any CPU
		Release|Any CPU = Release|Any CPU
	EndGlobalSection
	GlobalSection(ProjectConfigurationPlatforms) = postSolution
		{C4AB482A-8707-4049-B2E2-000C2762B37A}.Debug|Any CPU.ActiveCfg = Debug|Any CPU
		{C4AB482A-8707-4049-B2E2-000C2762B37A}.Debug|Any CPU.Build.0 = Debug|Any CPU
		{C4AB482A-8707-4049-B2E2-000C2762B37A}.Release|Any CPU.ActiveCfg = Release|Any CPU
		{C4AB482A-8707-4049-B2E2-000C2762B37A}.Release|Any CPU.Build.0 = Release|Any CPU
		{ACA1816F-211F-49DC-8EE3-C7C56A41A409}.Debug|Any CPU.ActiveCfg = Debug|Any CPU
		{ACA1816F-211F-49DC-8EE3-C7C56A41A409}.Debug|Any CPU.Build.0 = Debug|Any CPU
		{ACA1816F-211F-49DC-8EE3-C7C56A41A409}.Release|Any CPU.ActiveCfg = Release|Any CPU
		{ACA1816F-211F-49DC-8EE3-C7C56A41A409}.Release|Any CPU.Build.0 = Release|Any CPU
		{E4FC884F-61EE-4192-9851-5EE3F61F093E}.Debug|Any CPU.ActiveCfg = Debug|Any CPU
		{E4FC884F-61EE-4192-9851-5EE3F61F093E}.Debug|Any CPU.Build.0 = Debug|Any CPU
		{E4FC884F-61EE-4192-9851-5EE3F61F093E}.Release|Any CPU.ActiveCfg = Release|Any CPU
		{E4FC884F-61EE-4192-9851-5EE3F61F093E}.Release|Any CPU.Build.0 = Release|Any CPU
		{94832464-75D6-49B9-BF88-B61682E6D5FC}.Debug|Any CPU.ActiveCfg = Debug|Any CPU
		{94832464-75D6-49B9-BF88-B61682E6D5FC}.Debug|Any CPU.Build.0 = Debug|Any CPU
		{94832464-75D6-49B9-BF88-B61682E6D5FC}.Release|Any CPU.ActiveCfg = Release|Any CPU
		{94832464-75D6-49B9-BF88-B61682E6D5FC}.Release|Any CPU.Build.0 = Release|Any CPU
		{A77283B3-B9D9-484B-8B4B-5D5E71E88E09}.Debug|Any CPU.ActiveCfg = Debug|Any CPU
		{A77283B3-B9D9-484B-8B4B-5D5E71E88E09}.Debug|Any CPU.Build.0 = Debug|Any CPU
		{A77283B3-B9D9-484B-8B4B-5D5E71E88E09}.Release|Any CPU.ActiveCfg = Release|Any CPU
		{A77283B3-B9D9-484B-8B4B-5D5E71E88E09}.Release|Any CPU.Build.0 = Release|Any CPU
		{B19B1D23-9EE6-460F-8EB4-7629C0BB0B8D}.Debug|Any CPU.ActiveCfg = Debug|Any CPU
		{B19B1D23-9EE6-460F-8EB4-7629C0BB0B8D}.Debug|Any CPU.Build.0 = Debug|Any CPU
		{B19B1D23-9EE6-460F-8EB4-7629C0BB0B8D}.Release|Any CPU.ActiveCfg = Release|Any CPU
		{B19B1D23-9EE6-460F-8EB4-7629C0BB0B8D}.Release|Any CPU.Build.0 = Release|Any CPU
		{B34B6196-C6F2-4F4A-8E4E-EC5ACA2DBE06}.Debug|Any CPU.ActiveCfg = Debug|Any CPU
		{B34B6196-C6F2-4F4A-8E4E-EC5ACA2DBE06}.Debug|Any CPU.Build.0 = Debug|Any CPU
		{B34B6196-C6F2-4F4A-8E4E-EC5ACA2DBE06}.Release|Any CPU.ActiveCfg = Release|Any CPU
		{B34B6196-C6F2-4F4A-8E4E-EC5ACA2DBE06}.Release|Any CPU.Build.0 = Release|Any CPU
	EndGlobalSection
	GlobalSection(SolutionProperties) = preSolution
		HideSolutionNode = FALSE
	EndGlobalSection
	GlobalSection(ExtensibilityGlobals) = postSolution
		SolutionGuid = {4528AD45-0326-462E-A71F-759980C770CB}
	EndGlobalSection
EndGlobal
