
Microsoft Visual Studio Solution File, Format Version 12.00
# Visual Studio 15
VisualStudioVersion = 15.0.28307.271
MinimumVisualStudioVersion = 10.0.40219.1
Project("{FAE04EC0-301F-11D3-BF4B-00C04F79EFBC}") = "ReverseStrings", "ReverseStrings\ReverseStrings.csproj", "{8399F7A4-84D7-4E28-8215-8D1EC12994A1}"
EndProject
Project("{FAE04EC0-301F-11D3-BF4B-00C04F79EFBC}") = "RepeatStrings", "RepeatStrings\RepeatStrings.csproj", "{5E2280CF-31EA-40B1-86CA-879243A5306D}"
EndProject
Project("{FAE04EC0-301F-11D3-BF4B-00C04F79EFBC}") = "Substring", "Substring\Substring.csproj", "{AD52783C-48E2-4087-8889-56D6DEBA0670}"
EndProject
Project("{FAE04EC0-301F-11D3-BF4B-00C04F79EFBC}") = "TextFilter", "TextFilter\TextFilter.csproj", "{F1A77429-82B8-411D-9CB9-22EF4B545043}"
EndProject
Project("{FAE04EC0-301F-11D3-BF4B-00C04F79EFBC}") = "DigitsLettersAndOther", "DigitsLettersAndOther\DigitsLettersAndOther.csproj", "{450AF49C-E4AB-4061-A66D-202492E7BAEB}"
EndProject
Global
	GlobalSection(SolutionConfigurationPlatforms) = preSolution
		Debug|Any CPU = Debug|Any CPU
		Release|Any CPU = Release|Any CPU
	EndGlobalSection
	GlobalSection(ProjectConfigurationPlatforms) = postSolution
		{8399F7A4-84D7-4E28-8215-8D1EC12994A1}.Debug|Any CPU.ActiveCfg = Debug|Any CPU
		{8399F7A4-84D7-4E28-8215-8D1EC12994A1}.Debug|Any CPU.Build.0 = Debug|Any CPU
		{8399F7A4-84D7-4E28-8215-8D1EC12994A1}.Release|Any CPU.ActiveCfg = Release|Any CPU
		{8399F7A4-84D7-4E28-8215-8D1EC12994A1}.Release|Any CPU.Build.0 = Release|Any CPU
		{5E2280CF-31EA-40B1-86CA-879243A5306D}.Debug|Any CPU.ActiveCfg = Debug|Any CPU
		{5E2280CF-31EA-40B1-86CA-879243A5306D}.Debug|Any CPU.Build.0 = Debug|Any CPU
		{5E2280CF-31EA-40B1-86CA-879243A5306D}.Release|Any CPU.ActiveCfg = Release|Any CPU
		{5E2280CF-31EA-40B1-86CA-879243A5306D}.Release|Any CPU.Build.0 = Release|Any CPU
		{AD52783C-48E2-4087-8889-56D6DEBA0670}.Debug|Any CPU.ActiveCfg = Debug|Any CPU
		{AD52783C-48E2-4087-8889-56D6DEBA0670}.Debug|Any CPU.Build.0 = Debug|Any CPU
		{AD52783C-48E2-4087-8889-56D6DEBA0670}.Release|Any CPU.ActiveCfg = Release|Any CPU
		{AD52783C-48E2-4087-8889-56D6DEBA0670}.Release|Any CPU.Build.0 = Release|Any CPU
		{F1A77429-82B8-411D-9CB9-22EF4B545043}.Debug|Any CPU.ActiveCfg = Debug|Any CPU
		{F1A77429-82B8-411D-9CB9-22EF4B545043}.Debug|Any CPU.Build.0 = Debug|Any CPU
		{F1A77429-82B8-411D-9CB9-22EF4B545043}.Release|Any CPU.ActiveCfg = Release|Any CPU
		{F1A77429-82B8-411D-9CB9-22EF4B545043}.Release|Any CPU.Build.0 = Release|Any CPU
		{450AF49C-E4AB-4061-A66D-202492E7BAEB}.Debug|Any CPU.ActiveCfg = Debug|Any CPU
		{450AF49C-E4AB-4061-A66D-202492E7BAEB}.Debug|Any CPU.Build.0 = Debug|Any CPU
		{450AF49C-E4AB-4061-A66D-202492E7BAEB}.Release|Any CPU.ActiveCfg = Release|Any CPU
		{450AF49C-E4AB-4061-A66D-202492E7BAEB}.Release|Any CPU.Build.0 = Release|Any CPU
	EndGlobalSection
	GlobalSection(SolutionProperties) = preSolution
		HideSolutionNode = FALSE
	EndGlobalSection
	GlobalSection(ExtensibilityGlobals) = postSolution
		SolutionGuid = {8294E77D-B684-4FFC-9942-12F6757BB1A9}
	EndGlobalSection
EndGlobal
