
Microsoft Visual Studio Solution File, Format Version 12.00
# Visual Studio 15
VisualStudioVersion = 15.0.28307.271
MinimumVisualStudioVersion = 10.0.40219.1
Project("{9A19103F-16F7-4668-BE54-9A1E7A4F7556}") = "CountCharsInAString", "CountCharsInAString\CountCharsInAString.csproj", "{36F0E694-02A8-46AC-B244-79DEA8187E67}"
EndProject
Project("{9A19103F-16F7-4668-BE54-9A1E7A4F7556}") = "AMinerTask", "AMinerTask\AMinerTask.csproj", "{83D194B4-3722-426A-B19B-4B64F2F6069F}"
EndProject
Project("{9A19103F-16F7-4668-BE54-9A1E7A4F7556}") = "LegendaryFarming", "LegendaryFarming\LegendaryFarming.csproj", "{454CFC5A-9CE2-435B-84DC-174AC6BCF11F}"
EndProject
Project("{9A19103F-16F7-4668-BE54-9A1E7A4F7556}") = "Orders", "Orders\Orders.csproj", "{EFADEBC5-16D6-4EDC-9811-D9A120C6236B}"
EndProject
Project("{9A19103F-16F7-4668-BE54-9A1E7A4F7556}") = "SoftUniParking", "SoftUniParking\SoftUniParking.csproj", "{81BA9D23-0FA3-408C-8B76-D66133992969}"
EndProject
Project("{9A19103F-16F7-4668-BE54-9A1E7A4F7556}") = "Courses", "Courses\Courses.csproj", "{C65DA95C-A2C8-4A95-B526-E79EA7961B7C}"
EndProject
Project("{9A19103F-16F7-4668-BE54-9A1E7A4F7556}") = "StudentAcademy", "StudentAcademy\StudentAcademy.csproj", "{783E5F44-330F-41FC-B76D-A5D9BB4F26C0}"
EndProject
Project("{FAE04EC0-301F-11D3-BF4B-00C04F79EFBC}") = "CompanyUsers", "CompanyUsers\CompanyUsers.csproj", "{AE8649DF-A743-4EDC-AF96-04310A23BE69}"
EndProject
Project("{FAE04EC0-301F-11D3-BF4B-00C04F79EFBC}") = "ForceBook", "ForceBook\ForceBook.csproj", "{407488F0-345A-4A6C-82F6-03B37B0B038D}"
EndProject
Global
	GlobalSection(SolutionConfigurationPlatforms) = preSolution
		Debug|Any CPU = Debug|Any CPU
		Release|Any CPU = Release|Any CPU
	EndGlobalSection
	GlobalSection(ProjectConfigurationPlatforms) = postSolution
		{36F0E694-02A8-46AC-B244-79DEA8187E67}.Debug|Any CPU.ActiveCfg = Debug|Any CPU
		{36F0E694-02A8-46AC-B244-79DEA8187E67}.Debug|Any CPU.Build.0 = Debug|Any CPU
		{36F0E694-02A8-46AC-B244-79DEA8187E67}.Release|Any CPU.ActiveCfg = Release|Any CPU
		{36F0E694-02A8-46AC-B244-79DEA8187E67}.Release|Any CPU.Build.0 = Release|Any CPU
		{83D194B4-3722-426A-B19B-4B64F2F6069F}.Debug|Any CPU.ActiveCfg = Debug|Any CPU
		{83D194B4-3722-426A-B19B-4B64F2F6069F}.Debug|Any CPU.Build.0 = Debug|Any CPU
		{83D194B4-3722-426A-B19B-4B64F2F6069F}.Release|Any CPU.ActiveCfg = Release|Any CPU
		{83D194B4-3722-426A-B19B-4B64F2F6069F}.Release|Any CPU.Build.0 = Release|Any CPU
		{454CFC5A-9CE2-435B-84DC-174AC6BCF11F}.Debug|Any CPU.ActiveCfg = Debug|Any CPU
		{454CFC5A-9CE2-435B-84DC-174AC6BCF11F}.Debug|Any CPU.Build.0 = Debug|Any CPU
		{454CFC5A-9CE2-435B-84DC-174AC6BCF11F}.Release|Any CPU.ActiveCfg = Release|Any CPU
		{454CFC5A-9CE2-435B-84DC-174AC6BCF11F}.Release|Any CPU.Build.0 = Release|Any CPU
		{EFADEBC5-16D6-4EDC-9811-D9A120C6236B}.Debug|Any CPU.ActiveCfg = Debug|Any CPU
		{EFADEBC5-16D6-4EDC-9811-D9A120C6236B}.Debug|Any CPU.Build.0 = Debug|Any CPU
		{EFADEBC5-16D6-4EDC-9811-D9A120C6236B}.Release|Any CPU.ActiveCfg = Release|Any CPU
		{EFADEBC5-16D6-4EDC-9811-D9A120C6236B}.Release|Any CPU.Build.0 = Release|Any CPU
		{81BA9D23-0FA3-408C-8B76-D66133992969}.Debug|Any CPU.ActiveCfg = Debug|Any CPU
		{81BA9D23-0FA3-408C-8B76-D66133992969}.Debug|Any CPU.Build.0 = Debug|Any CPU
		{81BA9D23-0FA3-408C-8B76-D66133992969}.Release|Any CPU.ActiveCfg = Release|Any CPU
		{81BA9D23-0FA3-408C-8B76-D66133992969}.Release|Any CPU.Build.0 = Release|Any CPU
		{C65DA95C-A2C8-4A95-B526-E79EA7961B7C}.Debug|Any CPU.ActiveCfg = Debug|Any CPU
		{C65DA95C-A2C8-4A95-B526-E79EA7961B7C}.Debug|Any CPU.Build.0 = Debug|Any CPU
		{C65DA95C-A2C8-4A95-B526-E79EA7961B7C}.Release|Any CPU.ActiveCfg = Release|Any CPU
		{C65DA95C-A2C8-4A95-B526-E79EA7961B7C}.Release|Any CPU.Build.0 = Release|Any CPU
		{783E5F44-330F-41FC-B76D-A5D9BB4F26C0}.Debug|Any CPU.ActiveCfg = Debug|Any CPU
		{783E5F44-330F-41FC-B76D-A5D9BB4F26C0}.Debug|Any CPU.Build.0 = Debug|Any CPU
		{783E5F44-330F-41FC-B76D-A5D9BB4F26C0}.Release|Any CPU.ActiveCfg = Release|Any CPU
		{783E5F44-330F-41FC-B76D-A5D9BB4F26C0}.Release|Any CPU.Build.0 = Release|Any CPU
		{AE8649DF-A743-4EDC-AF96-04310A23BE69}.Debug|Any CPU.ActiveCfg = Debug|Any CPU
		{AE8649DF-A743-4EDC-AF96-04310A23BE69}.Debug|Any CPU.Build.0 = Debug|Any CPU
		{AE8649DF-A743-4EDC-AF96-04310A23BE69}.Release|Any CPU.ActiveCfg = Release|Any CPU
		{AE8649DF-A743-4EDC-AF96-04310A23BE69}.Release|Any CPU.Build.0 = Release|Any CPU
		{407488F0-345A-4A6C-82F6-03B37B0B038D}.Debug|Any CPU.ActiveCfg = Debug|Any CPU
		{407488F0-345A-4A6C-82F6-03B37B0B038D}.Debug|Any CPU.Build.0 = Debug|Any CPU
		{407488F0-345A-4A6C-82F6-03B37B0B038D}.Release|Any CPU.ActiveCfg = Release|Any CPU
		{407488F0-345A-4A6C-82F6-03B37B0B038D}.Release|Any CPU.Build.0 = Release|Any CPU
	EndGlobalSection
	GlobalSection(SolutionProperties) = preSolution
		HideSolutionNode = FALSE
	EndGlobalSection
	GlobalSection(ExtensibilityGlobals) = postSolution
		SolutionGuid = {EC4AA62C-768E-421B-BDE8-37D0CFCFCB3E}
	EndGlobalSection
EndGlobal
